
Microsoft Visual Studio Solution File, Format Version 12.00
# Visual Studio 15
VisualStudioVersion = 15.0.28307.572
MinimumVisualStudioVersion = 10.0.40219.1
Project("{FAE04EC0-301F-11D3-BF4B-00C04F79EFBC}") = "GUI", "GUI\GUI.csproj", "{F5024C5C-6D71-4AFE-B672-3289CEB577DF}"
EndProject
Project("{FAE04EC0-301F-11D3-BF4B-00C04F79EFBC}") = "BLL", "BLL\BLL.csproj", "{788EB060-9554-4475-A3E8-4EE2E3820AA7}"
EndProject
Project("{FAE04EC0-301F-11D3-BF4B-00C04F79EFBC}") = "DAL", "DAL\DAL.csproj", "{06EAC022-19BC-4B47-BCB7-1756BED04E7D}"
EndProject
Project("{FAE04EC0-301F-11D3-BF4B-00C04F79EFBC}") = "DTO", "DTO\DTO.csproj", "{D190D7CA-09EB-403A-BE6F-A95443CF5798}"
EndProject
Global
	GlobalSection(SolutionConfigurationPlatforms) = preSolution
		Debug|Any CPU = Debug|Any CPU
		Release|Any CPU = Release|Any CPU
	EndGlobalSection
	GlobalSection(ProjectConfigurationPlatforms) = postSolution
		{F5024C5C-6D71-4AFE-B672-3289CEB577DF}.Debug|Any CPU.ActiveCfg = Debug|Any CPU
		{F5024C5C-6D71-4AFE-B672-3289CEB577DF}.Debug|Any CPU.Build.0 = Debug|Any CPU
		{F5024C5C-6D71-4AFE-B672-3289CEB577DF}.Release|Any CPU.ActiveCfg = Release|Any CPU
		{F5024C5C-6D71-4AFE-B672-3289CEB577DF}.Release|Any CPU.Build.0 = Release|Any CPU
		{788EB060-9554-4475-A3E8-4EE2E3820AA7}.Debug|Any CPU.ActiveCfg = Debug|Any CPU
		{788EB060-9554-4475-A3E8-4EE2E3820AA7}.Debug|Any CPU.Build.0 = Debug|Any CPU
		{788EB060-9554-4475-A3E8-4EE2E3820AA7}.Release|Any CPU.ActiveCfg = Release|Any CPU
		{788EB060-9554-4475-A3E8-4EE2E3820AA7}.Release|Any CPU.Build.0 = Release|Any CPU
		{06EAC022-19BC-4B47-BCB7-1756BED04E7D}.Debug|Any CPU.ActiveCfg = Debug|Any CPU
		{06EAC022-19BC-4B47-BCB7-1756BED04E7D}.Debug|Any CPU.Build.0 = Debug|Any CPU
		{06EAC022-19BC-4B47-BCB7-1756BED04E7D}.Release|Any CPU.ActiveCfg = Release|Any CPU
		{06EAC022-19BC-4B47-BCB7-1756BED04E7D}.Release|Any CPU.Build.0 = Release|Any CPU
		{D190D7CA-09EB-403A-BE6F-A95443CF5798}.Debug|Any CPU.ActiveCfg = Debug|Any CPU
		{D190D7CA-09EB-403A-BE6F-A95443CF5798}.Debug|Any CPU.Build.0 = Debug|Any CPU
		{D190D7CA-09EB-403A-BE6F-A95443CF5798}.Release|Any CPU.ActiveCfg = Release|Any CPU
		{D190D7CA-09EB-403A-BE6F-A95443CF5798}.Release|Any CPU.Build.0 = Release|Any CPU
	EndGlobalSection
	GlobalSection(SolutionProperties) = preSolution
		HideSolutionNode = FALSE
	EndGlobalSection
	GlobalSection(ExtensibilityGlobals) = postSolution
		SolutionGuid = {489669C5-A06E-4505-80AC-815A91B6E3EF}
	EndGlobalSection
EndGlobal
